<?xml version="1.0" encoding="utf-8"?>
<Project ToolsVersion="4.0" xmlns="http://schemas.microsoft.com/developer/msbuild/2003">
  <ItemGroup>
    <ClCompile Include="main.cpp">
      <Filter>SourceFiles</Filter>
    </ClCompile>
    <ClCompile Include="patches.cpp">
      <Filter>SourceFiles</Filter>
    </ClCompile>
    <ClCompile Include="utility.c">
      <Filter>SourceFiles</Filter>
    </ClCompile>
  </ItemGroup>
  <ItemGroup>
    <ClInclude Include="utility.h">
      <Filter>HeaderFiles</Filter>
    </ClInclude>
    <ClInclude Include="kernel.h">
      <Filter>HeaderFiles</Filter>
    </ClInclude>
    <ClInclude Include="patches.h">
      <Filter>HeaderFiles</Filter>
    </ClInclude>
    <ClInclude Include="main.h">
      <Filter>HeaderFiles</Filter>
    </ClInclude>
  </ItemGroup>
  <ItemGroup>
    <None Include="xex.xml" />
  </ItemGroup>
  <ItemGroup>
    <Filter Include="HeaderFiles">
      <UniqueIdentifier>{bd5e629e-9425-4bd5-87ee-6aca5335edec}</UniqueIdentifier>
    </Filter>
    <Filter Include="SourceFiles">
      <UniqueIdentifier>{5f9cd416-6574-42a3-a951-8e496aee7b77}</UniqueIdentifier>
    </Filter>
  </ItemGroup>
</Project>